
Microsoft Visual Studio Solution File, Format Version 12.00
# Visual Studio Version 17
VisualStudioVersion = 17.12.35707.178 d17.12
MinimumVisualStudioVersion = 10.0.40219.1
Project("{FAE04EC0-301F-11D3-BF4B-00C04F79EFBC}") = "Hastane Projesi 13.bölüm", "Hastane Projesi 13.bölüm\Hastane Projesi 13.bölüm.csproj", "{39CD5ED6-58CF-4682-9391-B0447B9D0B4E}"
EndProject
Global
	GlobalSection(SolutionConfigurationPlatforms) = preSolution
		Debug|Any CPU = Debug|Any CPU
		Release|Any CPU = Release|Any CPU
	EndGlobalSection
	GlobalSection(ProjectConfigurationPlatforms) = postSolution
		{39CD5ED6-58CF-4682-9391-B0447B9D0B4E}.Debug|Any CPU.ActiveCfg = Debug|Any CPU
		{39CD5ED6-58CF-4682-9391-B0447B9D0B4E}.Debug|Any CPU.Build.0 = Debug|Any CPU
		{39CD5ED6-58CF-4682-9391-B0447B9D0B4E}.Release|Any CPU.ActiveCfg = Release|Any CPU
		{39CD5ED6-58CF-4682-9391-B0447B9D0B4E}.Release|Any CPU.Build.0 = Release|Any CPU
	EndGlobalSection
	GlobalSection(SolutionProperties) = preSolution
		HideSolutionNode = FALSE
	EndGlobalSection
EndGlobal
